
Microsoft Visual Studio Solution File, Format Version 12.00
# Visual Studio Version 17
VisualStudioVersion = 17.14.36301.6
MinimumVisualStudioVersion = 10.0.40219.1
Project("{FAE04EC0-301F-11D3-BF4B-00C04F79EFBC}") = "Less.WebApi", "Less.WebApi\Less.WebApi.csproj", "{FC09753B-0880-4826-B7A2-018B258343B7}"
EndProject
Project("{2150E333-8FDC-42A3-9474-1A3956D46DE8}") = "Core", "Core", "{02EA681E-C7D8-13C7-8484-4AC65E1B71E8}"
EndProject
Project("{2150E333-8FDC-42A3-9474-1A3956D46DE8}") = "Solution Items", "Solution Items", "{54A6D856-8B65-426A-A796-2B5F35052CFA}"
	ProjectSection(SolutionItems) = preProject
		nuget.config = nuget.config
		Readme.md = Readme.md
	EndProjectSection
EndProject
Project("{FAE04EC0-301F-11D3-BF4B-00C04F79EFBC}") = "Less.Api.Core", "Less.Api.Core\Less.Api.Core.csproj", "{CF2043A1-E0C4-1F2F-1F81-352540FD88E9}"
EndProject
Project("{FAE04EC0-301F-11D3-BF4B-00C04F79EFBC}") = "Less.Auth", "Less.Auth\Less.Auth.csproj", "{5BB09C52-6F31-89FE-7837-B2AD11F37ABD}"
EndProject
Project("{FAE04EC0-301F-11D3-BF4B-00C04F79EFBC}") = "Less.DalCore", "Less.DalCore\Less.DalCore.csproj", "{89494AD2-B807-BEC0-BD32-C226AB62E3AD}"
EndProject
Project("{FAE04EC0-301F-11D3-BF4B-00C04F79EFBC}") = "Less.Auth.Dal", "Less.Auth.Dal\Less.Auth.Dal.csproj", "{0F450132-4E96-68B8-41CE-9D3C3B5EFC60}"
EndProject
Project("{FAE04EC0-301F-11D3-BF4B-00C04F79EFBC}") = "Less.Auth.WebApi", "Less.Auth.WebApi\Less.Auth.WebApi.csproj", "{C093540F-39A3-245A-4C07-C097EB3A2834}"
EndProject
Project("{FAE04EC0-301F-11D3-BF4B-00C04F79EFBC}") = "Less.EntityFramework.Plus", "Less.EntityFramework.Plus\Less.EntityFramework.Plus.csproj", "{0E88C4B8-71E9-4BC4-B118-029BC39A6479}"
EndProject
Global
	GlobalSection(SolutionConfigurationPlatforms) = preSolution
		Debug|Any CPU = Debug|Any CPU
		Release|Any CPU = Release|Any CPU
	EndGlobalSection
	GlobalSection(ProjectConfigurationPlatforms) = postSolution
		{FC09753B-0880-4826-B7A2-018B258343B7}.Debug|Any CPU.ActiveCfg = Debug|Any CPU
		{FC09753B-0880-4826-B7A2-018B258343B7}.Debug|Any CPU.Build.0 = Debug|Any CPU
		{FC09753B-0880-4826-B7A2-018B258343B7}.Release|Any CPU.ActiveCfg = Release|Any CPU
		{FC09753B-0880-4826-B7A2-018B258343B7}.Release|Any CPU.Build.0 = Release|Any CPU
		{CF2043A1-E0C4-1F2F-1F81-352540FD88E9}.Debug|Any CPU.ActiveCfg = Debug|Any CPU
		{CF2043A1-E0C4-1F2F-1F81-352540FD88E9}.Debug|Any CPU.Build.0 = Debug|Any CPU
		{CF2043A1-E0C4-1F2F-1F81-352540FD88E9}.Release|Any CPU.ActiveCfg = Release|Any CPU
		{CF2043A1-E0C4-1F2F-1F81-352540FD88E9}.Release|Any CPU.Build.0 = Release|Any CPU
		{5BB09C52-6F31-89FE-7837-B2AD11F37ABD}.Debug|Any CPU.ActiveCfg = Debug|Any CPU
		{5BB09C52-6F31-89FE-7837-B2AD11F37ABD}.Debug|Any CPU.Build.0 = Debug|Any CPU
		{5BB09C52-6F31-89FE-7837-B2AD11F37ABD}.Release|Any CPU.ActiveCfg = Release|Any CPU
		{5BB09C52-6F31-89FE-7837-B2AD11F37ABD}.Release|Any CPU.Build.0 = Release|Any CPU
		{89494AD2-B807-BEC0-BD32-C226AB62E3AD}.Debug|Any CPU.ActiveCfg = Debug|Any CPU
		{89494AD2-B807-BEC0-BD32-C226AB62E3AD}.Debug|Any CPU.Build.0 = Debug|Any CPU
		{89494AD2-B807-BEC0-BD32-C226AB62E3AD}.Release|Any CPU.ActiveCfg = Release|Any CPU
		{89494AD2-B807-BEC0-BD32-C226AB62E3AD}.Release|Any CPU.Build.0 = Release|Any CPU
		{0F450132-4E96-68B8-41CE-9D3C3B5EFC60}.Debug|Any CPU.ActiveCfg = Debug|Any CPU
		{0F450132-4E96-68B8-41CE-9D3C3B5EFC60}.Debug|Any CPU.Build.0 = Debug|Any CPU
		{0F450132-4E96-68B8-41CE-9D3C3B5EFC60}.Release|Any CPU.ActiveCfg = Release|Any CPU
		{0F450132-4E96-68B8-41CE-9D3C3B5EFC60}.Release|Any CPU.Build.0 = Release|Any CPU
		{C093540F-39A3-245A-4C07-C097EB3A2834}.Debug|Any CPU.ActiveCfg = Debug|Any CPU
		{C093540F-39A3-245A-4C07-C097EB3A2834}.Debug|Any CPU.Build.0 = Debug|Any CPU
		{C093540F-39A3-245A-4C07-C097EB3A2834}.Release|Any CPU.ActiveCfg = Release|Any CPU
		{C093540F-39A3-245A-4C07-C097EB3A2834}.Release|Any CPU.Build.0 = Release|Any CPU
		{0E88C4B8-71E9-4BC4-B118-029BC39A6479}.Debug|Any CPU.ActiveCfg = Debug|Any CPU
		{0E88C4B8-71E9-4BC4-B118-029BC39A6479}.Debug|Any CPU.Build.0 = Debug|Any CPU
		{0E88C4B8-71E9-4BC4-B118-029BC39A6479}.Release|Any CPU.ActiveCfg = Release|Any CPU
		{0E88C4B8-71E9-4BC4-B118-029BC39A6479}.Release|Any CPU.Build.0 = Release|Any CPU
	EndGlobalSection
	GlobalSection(SolutionProperties) = preSolution
		HideSolutionNode = FALSE
	EndGlobalSection
	GlobalSection(NestedProjects) = preSolution
		{CF2043A1-E0C4-1F2F-1F81-352540FD88E9} = {02EA681E-C7D8-13C7-8484-4AC65E1B71E8}
		{5BB09C52-6F31-89FE-7837-B2AD11F37ABD} = {02EA681E-C7D8-13C7-8484-4AC65E1B71E8}
		{89494AD2-B807-BEC0-BD32-C226AB62E3AD} = {02EA681E-C7D8-13C7-8484-4AC65E1B71E8}
		{0F450132-4E96-68B8-41CE-9D3C3B5EFC60} = {02EA681E-C7D8-13C7-8484-4AC65E1B71E8}
		{C093540F-39A3-245A-4C07-C097EB3A2834} = {02EA681E-C7D8-13C7-8484-4AC65E1B71E8}
		{0E88C4B8-71E9-4BC4-B118-029BC39A6479} = {02EA681E-C7D8-13C7-8484-4AC65E1B71E8}
	EndGlobalSection
	GlobalSection(ExtensibilityGlobals) = postSolution
		SolutionGuid = {3F44E65B-A2D7-4119-9468-9C25E69B3EB3}
	EndGlobalSection
EndGlobal
