
Microsoft Visual Studio Solution File, Format Version 12.00
# Visual Studio Version 17
VisualStudioVersion = 17.14.36301.6
MinimumVisualStudioVersion = 10.0.40219.1
Project("{FAE04EC0-301F-11D3-BF4B-00C04F79EFBC}") = "Less.WebApi", "Less.WebApi\Less.WebApi.csproj", "{FC09753B-0880-4826-B7A2-018B258343B7}"
EndProject
Project("{2150E333-8FDC-42A3-9474-1A3956D46DE8}") = "Core", "Core", "{02EA681E-C7D8-13C7-8484-4AC65E1B71E8}"
EndProject
Project("{FAE04EC0-301F-11D3-BF4B-00C04F79EFBC}") = "Less.DalCore", "Core\Less.DalCore\Less.DalCore.csproj", "{33BA5C2B-9CD5-0EA6-69FB-09E4F5D37CC6}"
EndProject
Project("{FAE04EC0-301F-11D3-BF4B-00C04F79EFBC}") = "Less.Auth", "Core\Less.Auth\Less.Auth.csproj", "{CBBDAAC8-C101-E631-4343-56978A664B61}"
EndProject
Project("{FAE04EC0-301F-11D3-BF4B-00C04F79EFBC}") = "Less.Auth.Dal", "Core\Less.Auth.Dal\Less.Auth.Dal.csproj", "{866F9996-B3AA-A930-ADDD-162973E3EF69}"
EndProject
Project("{FAE04EC0-301F-11D3-BF4B-00C04F79EFBC}") = "Less.Auth.WebApi", "Less.Auth.WebApi\Less.Auth.WebApi.csproj", "{9BA66F22-EFC4-4AFD-9454-229F48872DD6}"
EndProject
Project("{FAE04EC0-301F-11D3-BF4B-00C04F79EFBC}") = "Less.Api.Core", "Less.Api.Core\Less.Api.Core.csproj", "{FCA7BAE6-D63F-478D-805F-AAD55C6E9957}"
EndProject
Global
	GlobalSection(SolutionConfigurationPlatforms) = preSolution
		Debug|Any CPU = Debug|Any CPU
		Release|Any CPU = Release|Any CPU
	EndGlobalSection
	GlobalSection(ProjectConfigurationPlatforms) = postSolution
		{FC09753B-0880-4826-B7A2-018B258343B7}.Debug|Any CPU.ActiveCfg = Debug|Any CPU
		{FC09753B-0880-4826-B7A2-018B258343B7}.Debug|Any CPU.Build.0 = Debug|Any CPU
		{FC09753B-0880-4826-B7A2-018B258343B7}.Release|Any CPU.ActiveCfg = Release|Any CPU
		{FC09753B-0880-4826-B7A2-018B258343B7}.Release|Any CPU.Build.0 = Release|Any CPU
		{33BA5C2B-9CD5-0EA6-69FB-09E4F5D37CC6}.Debug|Any CPU.ActiveCfg = Debug|Any CPU
		{33BA5C2B-9CD5-0EA6-69FB-09E4F5D37CC6}.Debug|Any CPU.Build.0 = Debug|Any CPU
		{33BA5C2B-9CD5-0EA6-69FB-09E4F5D37CC6}.Release|Any CPU.ActiveCfg = Release|Any CPU
		{33BA5C2B-9CD5-0EA6-69FB-09E4F5D37CC6}.Release|Any CPU.Build.0 = Release|Any CPU
		{CBBDAAC8-C101-E631-4343-56978A664B61}.Debug|Any CPU.ActiveCfg = Debug|Any CPU
		{CBBDAAC8-C101-E631-4343-56978A664B61}.Debug|Any CPU.Build.0 = Debug|Any CPU
		{CBBDAAC8-C101-E631-4343-56978A664B61}.Release|Any CPU.ActiveCfg = Release|Any CPU
		{CBBDAAC8-C101-E631-4343-56978A664B61}.Release|Any CPU.Build.0 = Release|Any CPU
		{866F9996-B3AA-A930-ADDD-162973E3EF69}.Debug|Any CPU.ActiveCfg = Debug|Any CPU
		{866F9996-B3AA-A930-ADDD-162973E3EF69}.Debug|Any CPU.Build.0 = Debug|Any CPU
		{866F9996-B3AA-A930-ADDD-162973E3EF69}.Release|Any CPU.ActiveCfg = Release|Any CPU
		{866F9996-B3AA-A930-ADDD-162973E3EF69}.Release|Any CPU.Build.0 = Release|Any CPU
		{9BA66F22-EFC4-4AFD-9454-229F48872DD6}.Debug|Any CPU.ActiveCfg = Debug|Any CPU
		{9BA66F22-EFC4-4AFD-9454-229F48872DD6}.Debug|Any CPU.Build.0 = Debug|Any CPU
		{9BA66F22-EFC4-4AFD-9454-229F48872DD6}.Release|Any CPU.ActiveCfg = Release|Any CPU
		{9BA66F22-EFC4-4AFD-9454-229F48872DD6}.Release|Any CPU.Build.0 = Release|Any CPU
		{FCA7BAE6-D63F-478D-805F-AAD55C6E9957}.Debug|Any CPU.ActiveCfg = Debug|Any CPU
		{FCA7BAE6-D63F-478D-805F-AAD55C6E9957}.Debug|Any CPU.Build.0 = Debug|Any CPU
		{FCA7BAE6-D63F-478D-805F-AAD55C6E9957}.Release|Any CPU.ActiveCfg = Release|Any CPU
		{FCA7BAE6-D63F-478D-805F-AAD55C6E9957}.Release|Any CPU.Build.0 = Release|Any CPU
	EndGlobalSection
	GlobalSection(SolutionProperties) = preSolution
		HideSolutionNode = FALSE
	EndGlobalSection
	GlobalSection(NestedProjects) = preSolution
		{33BA5C2B-9CD5-0EA6-69FB-09E4F5D37CC6} = {02EA681E-C7D8-13C7-8484-4AC65E1B71E8}
		{CBBDAAC8-C101-E631-4343-56978A664B61} = {02EA681E-C7D8-13C7-8484-4AC65E1B71E8}
		{866F9996-B3AA-A930-ADDD-162973E3EF69} = {02EA681E-C7D8-13C7-8484-4AC65E1B71E8}
		{9BA66F22-EFC4-4AFD-9454-229F48872DD6} = {02EA681E-C7D8-13C7-8484-4AC65E1B71E8}
		{FCA7BAE6-D63F-478D-805F-AAD55C6E9957} = {02EA681E-C7D8-13C7-8484-4AC65E1B71E8}
	EndGlobalSection
	GlobalSection(ExtensibilityGlobals) = postSolution
		SolutionGuid = {3F44E65B-A2D7-4119-9468-9C25E69B3EB3}
	EndGlobalSection
EndGlobal
